
Microsoft Visual Studio Solution File, Format Version 12.00
# Visual Studio Version 16
VisualStudioVersion = 16.0.31025.194
MinimumVisualStudioVersion = 10.0.40219.1
Project("{FAE04EC0-301F-11D3-BF4B-00C04F79EFBC}") = "Storage", "Storage\Storage.csproj", "{9C96701B-32A1-4499-8870-9B2629CAB67E}"
EndProject
Global
	GlobalSection(SolutionConfigurationPlatforms) = preSolution
		Debug|Any CPU = Debug|Any CPU
		Release|Any CPU = Release|Any CPU
	EndGlobalSection
	GlobalSection(ProjectConfigurationPlatforms) = postSolution
		{9C96701B-32A1-4499-8870-9B2629CAB67E}.Debug|Any CPU.ActiveCfg = Debug|Any CPU
		{9C96701B-32A1-4499-8870-9B2629CAB67E}.Debug|Any CPU.Build.0 = Debug|Any CPU
		{9C96701B-32A1-4499-8870-9B2629CAB67E}.Release|Any CPU.ActiveCfg = Release|Any CPU
		{9C96701B-32A1-4499-8870-9B2629CAB67E}.Release|Any CPU.Build.0 = Release|Any CPU
	EndGlobalSection
	GlobalSection(SolutionProperties) = preSolution
		HideSolutionNode = FALSE
	EndGlobalSection
	GlobalSection(ExtensibilityGlobals) = postSolution
		SolutionGuid = {CDB5EBE8-C18D-461E-8F1A-746D54FE1FF3}
	EndGlobalSection
EndGlobal
